{
  "meteor": {},
  "dependencies": {
    "basePackages": {
      "iron-router": {
        "version": "0.6.2"
      },
      "roles": {
        "version": "1.2.6"
      },
      "ogno-admin": {
        "version": "0.2.5"
      },
      "collection2": {
        "version": "0.3.7"
      },
      "filepicker": {
        "version": "0.4.0"
      },
      "stellar": {
        "version": "0.1.0"
      }
    },
    "packages": {
      "iron-router": {
        "git": "https://github.com/EventedMind/iron-router.git",
        "tag": "v0.6.2",
        "commit": "ce56e58b45624dce992490f3a1c10f10d3948bae"
      },
      "roles": {
        "git": "https://github.com/alanning/meteor-roles.git",
        "tag": "v1.2.6",
        "commit": "f2a9058281f8f2fe028767841d7445aadd6893cf"
      },
      "ogno-admin": {
        "git": "https://github.com/matteodem/meteor-ogno-admin.git",
        "tag": "v0.2.5",
        "commit": "7d3010065a1813d92f2283bae9034ceb1679ef2b"
      },
      "collection2": {
        "git": "https://github.com/aldeed/meteor-collection2.git",
        "tag": "v0.3.7",
        "commit": "4c6c2dfd87af8cda321c80e1baea72842ad5c542"
      },
      "filepicker": {
        "git": "https://github.com/Ink/meteor.git",
        "tag": "v0.4.0",
        "commit": "20d56aaaf48be3a5c0499547a495a6463b4fa3d9"
      },
      "stellar": {
        "git": "https://github.com/noorderstorm/meteor-stellar.git",
        "tag": "v0.1.0",
        "commit": "1ca2f68e0cca5967a6f88545cea12055c9fc2465"
      },
      "autoform": {
        "git": "https://github.com/aldeed/meteor-autoform.git",
        "tag": "v0.4.13",
        "commit": "105803e4d42308893fbda30585dbdb4a38077e9a"
      },
      "pagination-mini": {
        "git": "https://github.com/huyinghuan/meteor-pagination-mini.git",
        "tag": "v0.0.2",
        "commit": "f07ab5ff58ae9d71ae4407cb3198d078a96750b0"
      },
      "semantic-ui": {
        "git": "https://github.com/nooitaf/meteor-semantic-ui.git",
        "tag": "v0.12.1",
        "commit": "6d895bcec1953a1dd609541288fccc3971520d72"
      },
      "simple-schema": {
        "git": "https://github.com/aldeed/meteor-simple-schema.git",
        "tag": "v0.2.34",
        "commit": "d66e63a8e316f978120773ce3f92c7d82fb15f2d"
      },
      "moment": {
        "git": "https://github.com/acreeger/meteor-moment.git",
        "tag": "v2.5.1",
        "commit": "8c9bc5d3fc96705057737cb9743d555417f6e551"
      }
    }
  }
}
