{
  "meteor": {},
  "dependencies": {
    "basePackages": {
      "font-awesome": {
        "version": "4.0.3"
      },
      "iron-router": {
        "version": "0.6.2"
      },
      "ogno-admin": {
        "version": "0.2.3"
      },
      "collection2": {
        "version": "0.3.3"
      },
      "filepicker": {
        "version": "0.4.0"
      }
    },
    "packages": {
      "font-awesome": {
        "git": "https://github.com/nate-strauser/meteor-font-awesome.git",
        "tag": "v4.0.3",
        "commit": "61e9361384347547ae144f8228faa4deffda23db"
      },
      "iron-router": {
        "git": "https://github.com/EventedMind/iron-router.git",
        "tag": "v0.6.2",
        "commit": "ce56e58b45624dce992490f3a1c10f10d3948bae"
      },
      "ogno-admin": {
        "git": "https://github.com/matteodem/meteor-ogno-admin.git",
        "tag": "v0.2.3",
        "commit": "85b46539c08fb804a08b44ed432733f35ccc9e71"
      },
      "collection2": {
        "git": "https://github.com/aldeed/meteor-collection2.git",
        "tag": "v0.3.3",
        "commit": "d5c99b1c0fe30778e683175ecb0dd36529e6271e"
      },
      "filepicker": {
        "git": "https://github.com/Ink/meteor.git",
        "tag": "v0.4.0",
        "commit": "20d56aaaf48be3a5c0499547a495a6463b4fa3d9"
      },
      "autoform": {
        "git": "https://github.com/aldeed/meteor-autoform.git",
        "tag": "v0.4.11",
        "commit": "1f27a29a4cd36303e7bf67ed679f018077f8e190"
      },
      "pagination-mini": {
        "git": "https://github.com/huyinghuan/meteor-pagination-mini.git",
        "tag": "v0.0.2",
        "commit": "f07ab5ff58ae9d71ae4407cb3198d078a96750b0"
      },
      "semantic-ui": {
        "git": "https://github.com/nooitaf/meteor-semantic-ui.git",
        "tag": "v0.12.1",
        "commit": "6d895bcec1953a1dd609541288fccc3971520d72"
      },
      "simple-schema": {
        "git": "https://github.com/aldeed/meteor-simple-schema.git",
        "tag": "v0.2.30",
        "commit": "40f983129da6e82b3ab2fa1f9e73111d818ee71e"
      },
      "moment": {
        "git": "https://github.com/acreeger/meteor-moment.git",
        "tag": "v2.2.1",
        "commit": "9ee12e714afe56b189f53076447b7b54f3012065"
      }
    }
  }
}
